
Microsoft Visual Studio Solution File, Format Version 12.00
# Visual Studio Version 16
VisualStudioVersion = 16.0.29102.190
MinimumVisualStudioVersion = 10.0.40219.1
Project("{FAE04EC0-301F-11D3-BF4B-00C04F79EFBC}") = "Log4NetCore.SqlServer", "Log4NetCore.SqlServer\Log4NetCore.SqlServer.csproj", "{63BA3046-636E-4E12-9064-E9F02803278C}"
EndProject
Global
	GlobalSection(SolutionConfigurationPlatforms) = preSolution
		Debug|Any CPU = Debug|Any CPU
		Release|Any CPU = Release|Any CPU
	EndGlobalSection
	GlobalSection(ProjectConfigurationPlatforms) = postSolution
		{63BA3046-636E-4E12-9064-E9F02803278C}.Debug|Any CPU.ActiveCfg = Debug|Any CPU
		{63BA3046-636E-4E12-9064-E9F02803278C}.Debug|Any CPU.Build.0 = Debug|Any CPU
		{63BA3046-636E-4E12-9064-E9F02803278C}.Release|Any CPU.ActiveCfg = Release|Any CPU
		{63BA3046-636E-4E12-9064-E9F02803278C}.Release|Any CPU.Build.0 = Release|Any CPU
	EndGlobalSection
	GlobalSection(SolutionProperties) = preSolution
		HideSolutionNode = FALSE
	EndGlobalSection
	GlobalSection(ExtensibilityGlobals) = postSolution
		SolutionGuid = {03FB94C2-51C2-44FB-9AF5-AB35C98C9C00}
	EndGlobalSection
EndGlobal
